// !$*UTF8*$!
{
	archiveVersion = 1;
	classes = {
	};
	objectVersion = 46;
	objects = {

/* Begin PBXBuildFile section */
		A2DD20FF1A7C64D0000C68AA /* AppDelegate.swift in Sources */ = {isa = PBXBuildFile; fileRef = A2DD20FE1A7C64D0000C68AA /* AppDelegate.swift */; };
		A2DD21011A7C64D0000C68AA /* ViewController.swift in Sources */ = {isa = PBXBuildFile; fileRef = A2DD21001A7C64D0000C68AA /* ViewController.swift */; };
		A2DD21041A7C64D0000C68AA /* Main.storyboard in Resources */ = {isa = PBXBuildFile; fileRef = A2DD21021A7C64D0000C68AA /* Main.storyboard */; };
		A2DD21061A7C64D0000C68AA /* Images.xcassets in Resources */ = {isa = PBXBuildFile; fileRef = A2DD21051A7C64D0000C68AA /* Images.xcassets */; };
		A2DD21091A7C64D0000C68AA /* LaunchScreen.xib in Resources */ = {isa = PBXBuildFile; fileRef = A2DD21071A7C64D0000C68AA /* LaunchScreen.xib */; };
		A2DD21151A7C64D0000C68AA /* PostcardTests.swift in Sources */ = {isa = PBXBuildFile; fileRef = A2DD21141A7C64D0000C68AA /* PostcardTests.swift */; };
/* End PBXBuildFile section */

/* Begin PBXContainerItemProxy section */
		A2DD210F1A7C64D0000C68AA /* PBXContainerItemProxy */ = {
			isa = PBXContainerItemProxy;
			containerPortal = A2DD20F11A7C64D0000C68AA /* Project object */;
			proxyType = 1;
			remoteGlobalIDString = A2DD20F81A7C64D0000C68AA;
			remoteInfo = Postcard;
		};
/* End PBXContainerItemProxy section */

/* Begin PBXFileReference section */
		A2DD20F91A7C64D0000C68AA /* Postcard.app */ = {isa = PBXFileReference; explicitFileType = wrapper.application; includeInIndex = 0; path = Postcard.app; sourceTree = BUILT_PRODUCTS_DIR; };
		A2DD20FD1A7C64D0000C68AA /* Info.plist */ = {isa = PBXFileReference; lastKnownFileType = text.plist.xml; path = Info.plist; sourceTree = "<group>"; };
		A2DD20FE1A7C64D0000C68AA /* AppDelegate.swift */ = {isa = PBXFileReference; lastKnownFileType = sourcecode.swift; path = AppDelegate.swift; sourceTree = "<group>"; };
		A2DD21001A7C64D0000C68AA /* ViewController.swift */ = {isa = PBXFileReference; lastKnownFileType = sourcecode.swift; path = ViewController.swift; sourceTree = "<group>"; };
		A2DD21031A7C64D0000C68AA /* Base */ = {isa = PBXFileReference; lastKnownFileType = file.storyboard; name = Base; path = Base.lproj/Main.storyboard; sourceTree = "<group>"; };
		A2DD21051A7C64D0000C68AA /* Images.xcassets */ = {isa = PBXFileReference; lastKnownFileType = folder.assetcatalog; path = Images.xcassets; sourceTree = "<group>"; };
		A2DD21081A7C64D0000C68AA /* Base */ = {isa = PBXFileReference; lastKnownFileType = file.xib; name = Base; path = Base.lproj/LaunchScreen.xib; sourceTree = "<group>"; };
		A2DD210E1A7C64D0000C68AA /* PostcardTests.xctest */ = {isa = PBXFileReference; explicitFileType = wrapper.cfbundle; includeInIndex = 0; path = PostcardTests.xctest; sourceTree = BUILT_PRODUCTS_DIR; };
		A2DD21131A7C64D0000C68AA /* Info.plist */ = {isa = PBXFileReference; lastKnownFileType = text.plist.xml; path = Info.plist; sourceTree = "<group>"; };
		A2DD21141A7C64D0000C68AA /* PostcardTests.swift */ = {isa = PBXFileReference; lastKnownFileType = sourcecode.swift; path = PostcardTests.swift; sourceTree = "<group>"; };
/* End PBXFileReference section */

/* Begin PBXFrameworksBuildPhase section */
		A2DD20F61A7C64D0000C68AA /* Frameworks */ = {
			isa = PBXFrameworksBuildPhase;
			buildActionMask = 2147483647;
			files = (
			);
			runOnlyForDeploymentPostprocessing = 0;
		};
		A2DD210B1A7C64D0000C68AA /* Frameworks */ = {
			isa = PBXFrameworksBuildPhase;
			buildActionMask = 2147483647;
			files = (
			);
			runOnlyForDeploymentPostprocessing = 0;
		};
/* End PBXFrameworksBuildPhase section */

/* Begin PBXGroup section */
		A2DD20F01A7C64D0000C68AA = {
			isa = PBXGroup;
			children = (
				A2DD20FB1A7C64D0000C68AA /* Postcard */,
				A2DD21111A7C64D0000C68AA /* PostcardTests */,
				A2DD20FA1A7C64D0000C68AA /* Products */,
			);
			sourceTree = "<group>";
		};
		A2DD20FA1A7C64D0000C68AA /* Products */ = {
			isa = PBXGroup;
			children = (
				A2DD20F91A7C64D0000C68AA /* Postcard.app */,
				A2DD210E1A7C64D0000C68AA /* PostcardTests.xctest */,
			);
			name = Products;
			sourceTree = "<group>";
		};
		A2DD20FB1A7C64D0000C68AA /* Postcard */ = {
			isa = PBXGroup;
			children = (
				A2DD20FE1A7C64D0000C68AA /* AppDelegate.swift */,
				A2DD21001A7C64D0000C68AA /* ViewController.swift */,
				A2DD21021A7C64D0000C68AA /* Main.storyboard */,
				A2DD21051A7C64D0000C68AA /* Images.xcassets */,
				A2DD21071A7C64D0000C68AA /* LaunchScreen.xib */,
				A2DD20FC1A7C64D0000C68AA /* Supporting Files */,
			);
			path = Postcard;
			sourceTree = "<group>";
		};
		A2DD20FC1A7C64D0000C68AA /* Supporting Files */ = {
			isa = PBXGroup;
			children = (
				A2DD20FD1A7C64D0000C68AA /* Info.plist */,
			);
			name = "Supporting Files";
			sourceTree = "<group>";
		};
		A2DD21111A7C64D0000C68AA /* PostcardTests */ = {
			isa = PBXGroup;
			children = (
				A2DD21141A7C64D0000C68AA /* PostcardTests.swift */,
				A2DD21121A7C64D0000C68AA /* Supporting Files */,
			);
			path = PostcardTests;
			sourceTree = "<group>";
		};
		A2DD21121A7C64D0000C68AA /* Supporting Files */ = {
			isa = PBXGroup;
			children = (
				A2DD21131A7C64D0000C68AA /* Info.plist */,
			);
			name = "Supporting Files";
			sourceTree = "<group>";
		};
/* End PBXGroup section */

/* Begin PBXNativeTarget section */
		A2DD20F81A7C64D0000C68AA /* Postcard */ = {
			isa = PBXNativeTarget;
			buildConfigurationList = A2DD21181A7C64D0000C68AA /* Build configuration list for PBXNativeTarget "Postcard" */;
			buildPhases = (
				A2DD20F51A7C64D0000C68AA /* Sources */,
				A2DD20F61A7C64D0000C68AA /* Frameworks */,
				A2DD20F71A7C64D0000C68AA /* Resources */,
			);
			buildRules = (
			);
			dependencies = (
			);
			name = Postcard;
			productName = Postcard;
			productReference = A2DD20F91A7C64D0000C68AA /* Postcard.app */;
			productType = "com.apple.product-type.application";
		};
		A2DD210D1A7C64D0000C68AA /* PostcardTests */ = {
			isa = PBXNativeTarget;
			buildConfigurationList = A2DD211B1A7C64D0000C68AA /* Build configuration list for PBXNativeTarget "PostcardTests" */;
			buildPhases = (
				A2DD210A1A7C64D0000C68AA /* Sources */,
				A2DD210B1A7C64D0000C68AA /* Frameworks */,
				A2DD210C1A7C64D0000C68AA /* Resources */,
			);
			buildRules = (
			);
			dependencies = (
				A2DD21101A7C64D0000C68AA /* PBXTargetDependency */,
			);
			name = PostcardTests;
			productName = PostcardTests;
			productReference = A2DD210E1A7C64D0000C68AA /* PostcardTests.xctest */;
			productType = "com.apple.product-type.bundle.unit-test";
		};
/* End PBXNativeTarget section */

/* Begin PBXProject section */
		A2DD20F11A7C64D0000C68AA /* Project object */ = {
			isa = PBXProject;
			attributes = {
				LastUpgradeCheck = 0610;
				ORGANIZATIONNAME = "Well Duns, Inc.";
				TargetAttributes = {
					A2DD20F81A7C64D0000C68AA = {
						CreatedOnToolsVersion = 6.1.1;
					};
					A2DD210D1A7C64D0000C68AA = {
						CreatedOnToolsVersion = 6.1.1;
						TestTargetID = A2DD20F81A7C64D0000C68AA;
					};
				};
			};
			buildConfigurationList = A2DD20F41A7C64D0000C68AA /* Build configuration list for PBXProject "Postcard" */;
			compatibilityVersion = "Xcode 3.2";
			developmentRegion = English;
			hasScannedForEncodings = 0;
			knownRegions = (
				en,
				Base,
			);
			mainGroup = A2DD20F01A7C64D0000C68AA;
			productRefGroup = A2DD20FA1A7C64D0000C68AA /* Products */;
			projectDirPath = "";
			projectRoot = "";
			targets = (
				A2DD20F81A7C64D0000C68AA /* Postcard */,
				A2DD210D1A7C64D0000C68AA /* PostcardTests */,
			);
		};
/* End PBXProject section */

/* Begin PBXResourcesBuildPhase section */
		A2DD20F71A7C64D0000C68AA /* Resources */ = {
			isa = PBXResourcesBuildPhase;
			buildActionMask = 2147483647;
			files = (
				A2DD21041A7C64D0000C68AA /* Main.storyboard in Resources */,
				A2DD21091A7C64D0000C68AA /* LaunchScreen.xib in Resources */,
				A2DD21061A7C64D0000C68AA /* Images.xcassets in Resources */,
			);
			runOnlyForDeploymentPostprocessing = 0;
		};
		A2DD210C1A7C64D0000C68AA /* Resources */ = {
			isa = PBXResourcesBuildPhase;
			buildActionMask = 2147483647;
			files = (
			);
			runOnlyForDeploymentPostprocessing = 0;
		};
/* End PBXResourcesBuildPhase section */

/* Begin PBXSourcesBuildPhase section */
		A2DD20F51A7C64D0000C68AA /* Sources */ = {
			isa = PBXSourcesBuildPhase;
			buildActionMask = 2147483647;
			files = (
				A2DD21011A7C64D0000C68AA /* ViewController.swift in Sources */,
				A2DD20FF1A7C64D0000C68AA /* AppDelegate.swift in Sources */,
			);
			runOnlyForDeploymentPostprocessing = 0;
		};
		A2DD210A1A7C64D0000C68AA /* Sources */ = {
			isa = PBXSourcesBuildPhase;
			buildActionMask = 2147483647;
			files = (
				A2DD21151A7C64D0000C68AA /* PostcardTests.swift in Sources */,
			);
			runOnlyForDeploymentPostprocessing = 0;
		};
/* End PBXSourcesBuildPhase section */

/* Begin PBXTargetDependency section */
		A2DD21101A7C64D0000C68AA /* PBXTargetDependency */ = {
			isa = PBXTargetDependency;
			target = A2DD20F81A7C64D0000C68AA /* Postcard */;
			targetProxy = A2DD210F1A7C64D0000C68AA /* PBXContainerItemProxy */;
		};
/* End PBXTargetDependency section */

/* Begin PBXVariantGroup section */
		A2DD21021A7C64D0000C68AA /* Main.storyboard */ = {
			isa = PBXVariantGroup;
			children = (
				A2DD21031A7C64D0000C68AA /* Base */,
			);
			name = Main.storyboard;
			sourceTree = "<group>";
		};
		A2DD21071A7C64D0000C68AA /* LaunchScreen.xib */ = {
			isa = PBXVariantGroup;
			children = (
				A2DD21081A7C64D0000C68AA /* Base */,
			);
			name = LaunchScreen.xib;
			sourceTree = "<group>";
		};
/* End PBXVariantGroup section */

/* Begin XCBuildConfiguration section */
		A2DD21161A7C64D0000C68AA /* Debug */ = {
			isa = XCBuildConfiguration;
			buildSettings = {
				ALWAYS_SEARCH_USER_PATHS = NO;
				CLANG_CXX_LANGUAGE_STANDARD = "gnu++0x";
				CLANG_CXX_LIBRARY = "libc++";
				CLANG_ENABLE_MODULES = YES;
				CLANG_ENABLE_OBJC_ARC = YES;
				CLANG_WARN_BOOL_CONVERSION = YES;
				CLANG_WARN_CONSTANT_CONVERSION = YES;
				CLANG_WARN_DIRECT_OBJC_ISA_USAGE = YES_ERROR;
				CLANG_WARN_EMPTY_BODY = YES;
				CLANG_WARN_ENUM_CONVERSION = YES;
				CLANG_WARN_INT_CONVERSION = YES;
				CLANG_WARN_OBJC_ROOT_CLASS = YES_ERROR;
				CLANG_WARN_UNREACHABLE_CODE = YES;
				CLANG_WARN__DUPLICATE_METHOD_MATCH = YES;
				"CODE_SIGN_IDENTITY[sdk=iphoneos*]" = "iPhone Developer";
				COPY_PHASE_STRIP = NO;
				ENABLE_STRICT_OBJC_MSGSEND = YES;
				GCC_C_LANGUAGE_STANDARD = gnu99;
				GCC_DYNAMIC_NO_PIC = NO;
				GCC_OPTIMIZATION_LEVEL = 0;
				GCC_PREPROCESSOR_DEFINITIONS = (
					"DEBUG=1",
					"$(inherited)",
				);
				GCC_SYMBOLS_PRIVATE_EXTERN = NO;
				GCC_WARN_64_TO_32_BIT_CONVERSION = YES;
				GCC_WARN_ABOUT_RETURN_TYPE = YES_ERROR;
				GCC_WARN_UNDECLARED_SELECTOR = YES;
				GCC_WARN_UNINITIALIZED_AUTOS = YES_AGGRESSIVE;
				GCC_WARN_UNUSED_FUNCTION = YES;
				GCC_WARN_UNUSED_VARIABLE = YES;
				IPHONEOS_DEPLOYMENT_TARGET = 8.1;
				MTL_ENABLE_DEBUG_INFO = YES;
				ONLY_ACTIVE_ARCH = YES;
				SDKROOT = iphoneos;
				SWIFT_OPTIMIZATION_LEVEL = "-Onone";
				TARGETED_DEVICE_FAMILY = "1,2";
			};
			name = Debug;
		};
		A2DD21171A7C64D0000C68AA /* Release */ = {
			isa = XCBuildConfiguration;
			buildSettings = {
				ALWAYS_SEARCH_USER_PATHS = NO;
				CLANG_CXX_LANGUAGE_STANDARD = "gnu++0x";
				CLANG_CXX_LIBRARY = "libc++";
				CLANG_ENABLE_MODULES = YES;
				CLANG_ENABLE_OBJC_ARC = YES;
				CLANG_WARN_BOOL_CONVERSION = YES;
				CLANG_WARN_CONSTANT_CONVERSION = YES;
				CLANG_WARN_DIRECT_OBJC_ISA_USAGE = YES_ERROR;
				CLANG_WARN_EMPTY_BODY = YES;
				CLANG_WARN_ENUM_CONVERSION = YES;
				CLANG_WARN_INT_CONVERSION = YES;
				CLANG_WARN_OBJC_ROOT_CLASS = YES_ERROR;
				CLANG_WARN_UNREACHABLE_CODE = YES;
				CLANG_WARN__DUPLICATE_METHOD_MATCH = YES;
				"CODE_SIGN_IDENTITY[sdk=iphoneos*]" = "iPhone Developer";
				COPY_PHASE_STRIP = YES;
				ENABLE_NS_ASSERTIONS = NO;
				ENABLE_STRICT_OBJC_MSGSEND = YES;
				GCC_C_LANGUAGE_STANDARD = gnu99;
				GCC_WARN_64_TO_32_BIT_CONVERSION = YES;
				GCC_WARN_ABOUT_RETURN_TYPE = YES_ERROR;
				GCC_WARN_UNDECLARED_SELECTOR = YES;
				GCC_WARN_UNINITIALIZED_AUTOS = YES_AGGRESSIVE;
				GCC_WARN_UNUSED_FUNCTION = YES;
				GCC_WARN_UNUSED_VARIABLE = YES;
				IPHONEOS_DEPLOYMENT_TARGET = 8.1;
				MTL_ENABLE_DEBUG_INFO = NO;
				SDKROOT = iphoneos;
				TARGETED_DEVICE_FAMILY = "1,2";
				VALIDATE_PRODUCT = YES;
			};
			name = Release;
		};
		A2DD21191A7C64D0000C68AA /* Debug */ = {
			isa = XCBuildConfiguration;
			buildSettings = {
				ASSETCATALOG_COMPILER_APPICON_NAME = AppIcon;
				INFOPLIST_FILE = Postcard/Info.plist;
				LD_RUNPATH_SEARCH_PATHS = "$(inherited) @executable_path/Frameworks";
				PRODUCT_NAME = "$(TARGET_NAME)";
			};
			name = Debug;
		};
		A2DD211A1A7C64D0000C68AA /* Release */ = {
			isa = XCBuildConfiguration;
			buildSettings = {
				ASSETCATALOG_COMPILER_APPICON_NAME = AppIcon;
				INFOPLIST_FILE = Postcard/Info.plist;
				LD_RUNPATH_SEARCH_PATHS = "$(inherited) @executable_path/Frameworks";
				PRODUCT_NAME = "$(TARGET_NAME)";
			};
			name = Release;
		};
		A2DD211C1A7C64D0000C68AA /* Debug */ = {
			isa = XCBuildConfiguration;
			buildSettings = {
				BUNDLE_LOADER = "$(TEST_HOST)";
				FRAMEWORK_SEARCH_PATHS = (
					"$(SDKROOT)/Developer/Library/Frameworks",
					"$(inherited)",
				);
				GCC_PREPROCESSOR_DEFINITIONS = (
					"DEBUG=1",
					"$(inherited)",
				);
				INFOPLIST_FILE = PostcardTests/Info.plist;
				LD_RUNPATH_SEARCH_PATHS = "$(inherited) @executable_path/Frameworks @loader_path/Frameworks";
				PRODUCT_NAME = "$(TARGET_NAME)";
				TEST_HOST = "$(BUILT_PRODUCTS_DIR)/Postcard.app/Postcard";
			};
			name = Debug;
		};
		A2DD211D1A7C64D0000C68AA /* Release */ = {
			isa = XCBuildConfiguration;
			buildSettings = {
				BUNDLE_LOADER = "$(TEST_HOST)";
				FRAMEWORK_SEARCH_PATHS = (
					"$(SDKROOT)/Developer/Library/Frameworks",
					"$(inherited)",
				);
				INFOPLIST_FILE = PostcardTests/Info.plist;
				LD_RUNPATH_SEARCH_PATHS = "$(inherited) @executable_path/Frameworks @loader_path/Frameworks";
				PRODUCT_NAME = "$(TARGET_NAME)";
				TEST_HOST = "$(BUILT_PRODUCTS_DIR)/Postcard.app/Postcard";
			};
			name = Release;
		};
/* End XCBuildConfiguration section */

/* Begin XCConfigurationList section */
		A2DD20F41A7C64D0000C68AA /* Build configuration list for PBXProject "Postcard" */ = {
			isa = XCConfigurationList;
			buildConfigurations = (
				A2DD21161A7C64D0000C68AA /* Debug */,
				A2DD21171A7C64D0000C68AA /* Release */,
			);
			defaultConfigurationIsVisible = 0;
			defaultConfigurationName = Release;
		};
		A2DD21181A7C64D0000C68AA /* Build configuration list for PBXNativeTarget "Postcard" */ = {
			isa = XCConfigurationList;
			buildConfigurations = (
				A2DD21191A7C64D0000C68AA /* Debug */,
				A2DD211A1A7C64D0000C68AA /* Release */,
			);
			defaultConfigurationIsVisible = 0;
		};
		A2DD211B1A7C64D0000C68AA /* Build configuration list for PBXNativeTarget "PostcardTests" */ = {
			isa = XCConfigurationList;
			buildConfigurations = (
				A2DD211C1A7C64D0000C68AA /* Debug */,
				A2DD211D1A7C64D0000C68AA /* Release */,
			);
			defaultConfigurationIsVisible = 0;
		};
/* End XCConfigurationList section */
	};
	rootObject = A2DD20F11A7C64D0000C68AA /* Project object */;
}
